// !$*UTF8*$!
{
	archiveVersion = 1;
	classes = {
	};
	objectVersion = 50;
	objects = {

/* Begin PBXBuildFile section */
		2A50D1DA250A027F00614CEE /* AppDelegate.swift in Sources */ = {isa = PBXBuildFile; fileRef = 2A50D1D9250A027F00614CEE /* AppDelegate.swift */; };
		2A50D1DC250A027F00614CEE /* SceneDelegate.swift in Sources */ = {isa = PBXBuildFile; fileRef = 2A50D1DB250A027F00614CEE /* SceneDelegate.swift */; };
		2A50D1DE250A027F00614CEE /* ViewController.swift in Sources */ = {isa = PBXBuildFile; fileRef = 2A50D1DD250A027F00614CEE /* ViewController.swift */; };
		2A50D1E1250A027F00614CEE /* Main.storyboard in Resources */ = {isa = PBXBuildFile; fileRef = 2A50D1DF250A027F00614CEE /* Main.storyboard */; };
		2A50D1E3250A028200614CEE /* Assets.xcassets in Resources */ = {isa = PBXBuildFile; fileRef = 2A50D1E2250A028200614CEE /* Assets.xcassets */; };
		2A50D1E6250A028200614CEE /* LaunchScreen.storyboard in Resources */ = {isa = PBXBuildFile; fileRef = 2A50D1E4250A028200614CEE /* LaunchScreen.storyboard */; };
		2A50D1F1250A028200614CEE /* __5MealTracker_lab_Tests.swift in Sources */ = {isa = PBXBuildFile; fileRef = 2A50D1F0250A028200614CEE /* __5MealTracker_lab_Tests.swift */; };
		2A50D1FC250A028200614CEE /* __5MealTracker_lab_UITests.swift in Sources */ = {isa = PBXBuildFile; fileRef = 2A50D1FB250A028200614CEE /* __5MealTracker_lab_UITests.swift */; };
/* End PBXBuildFile section */

/* Begin PBXContainerItemProxy section */
		2A50D1ED250A028200614CEE /* PBXContainerItemProxy */ = {
			isa = PBXContainerItemProxy;
			containerPortal = 2A50D1CE250A027F00614CEE /* Project object */;
			proxyType = 1;
			remoteGlobalIDString = 2A50D1D5250A027F00614CEE;
			remoteInfo = "4.5MealTracker-lab-";
		};
		2A50D1F8250A028200614CEE /* PBXContainerItemProxy */ = {
			isa = PBXContainerItemProxy;
			containerPortal = 2A50D1CE250A027F00614CEE /* Project object */;
			proxyType = 1;
			remoteGlobalIDString = 2A50D1D5250A027F00614CEE;
			remoteInfo = "4.5MealTracker-lab-";
		};
/* End PBXContainerItemProxy section */

/* Begin PBXFileReference section */
		2A50D1D6250A027F00614CEE /* 4.5MealTracker-lab-.app */ = {isa = PBXFileReference; explicitFileType = wrapper.application; includeInIndex = 0; path = "4.5MealTracker-lab-.app"; sourceTree = BUILT_PRODUCTS_DIR; };
		2A50D1D9250A027F00614CEE /* AppDelegate.swift */ = {isa = PBXFileReference; lastKnownFileType = sourcecode.swift; path = AppDelegate.swift; sourceTree = "<group>"; };
		2A50D1DB250A027F00614CEE /* SceneDelegate.swift */ = {isa = PBXFileReference; lastKnownFileType = sourcecode.swift; path = SceneDelegate.swift; sourceTree = "<group>"; };
		2A50D1DD250A027F00614CEE /* ViewController.swift */ = {isa = PBXFileReference; lastKnownFileType = sourcecode.swift; path = ViewController.swift; sourceTree = "<group>"; };
		2A50D1E0250A027F00614CEE /* Base */ = {isa = PBXFileReference; lastKnownFileType = file.storyboard; name = Base; path = Base.lproj/Main.storyboard; sourceTree = "<group>"; };
		2A50D1E2250A028200614CEE /* Assets.xcassets */ = {isa = PBXFileReference; lastKnownFileType = folder.assetcatalog; path = Assets.xcassets; sourceTree = "<group>"; };
		2A50D1E5250A028200614CEE /* Base */ = {isa = PBXFileReference; lastKnownFileType = file.storyboard; name = Base; path = Base.lproj/LaunchScreen.storyboard; sourceTree = "<group>"; };
		2A50D1E7250A028200614CEE /* Info.plist */ = {isa = PBXFileReference; lastKnownFileType = text.plist.xml; path = Info.plist; sourceTree = "<group>"; };
		2A50D1EC250A028200614CEE /* 4.5MealTracker-lab-Tests.xctest */ = {isa = PBXFileReference; explicitFileType = wrapper.cfbundle; includeInIndex = 0; path = "4.5MealTracker-lab-Tests.xctest"; sourceTree = BUILT_PRODUCTS_DIR; };
		2A50D1F0250A028200614CEE /* __5MealTracker_lab_Tests.swift */ = {isa = PBXFileReference; lastKnownFileType = sourcecode.swift; path = __5MealTracker_lab_Tests.swift; sourceTree = "<group>"; };
		2A50D1F2250A028200614CEE /* Info.plist */ = {isa = PBXFileReference; lastKnownFileType = text.plist.xml; path = Info.plist; sourceTree = "<group>"; };
		2A50D1F7250A028200614CEE /* 4.5MealTracker-lab-UITests.xctest */ = {isa = PBXFileReference; explicitFileType = wrapper.cfbundle; includeInIndex = 0; path = "4.5MealTracker-lab-UITests.xctest"; sourceTree = BUILT_PRODUCTS_DIR; };
		2A50D1FB250A028200614CEE /* __5MealTracker_lab_UITests.swift */ = {isa = PBXFileReference; lastKnownFileType = sourcecode.swift; path = __5MealTracker_lab_UITests.swift; sourceTree = "<group>"; };
		2A50D1FD250A028200614CEE /* Info.plist */ = {isa = PBXFileReference; lastKnownFileType = text.plist.xml; path = Info.plist; sourceTree = "<group>"; };
/* End PBXFileReference section */

/* Begin PBXFrameworksBuildPhase section */
		2A50D1D3250A027F00614CEE /* Frameworks */ = {
			isa = PBXFrameworksBuildPhase;
			buildActionMask = 2147483647;
			files = (
			);
			runOnlyForDeploymentPostprocessing = 0;
		};
		2A50D1E9250A028200614CEE /* Frameworks */ = {
			isa = PBXFrameworksBuildPhase;
			buildActionMask = 2147483647;
			files = (
			);
			runOnlyForDeploymentPostprocessing = 0;
		};
		2A50D1F4250A028200614CEE /* Frameworks */ = {
			isa = PBXFrameworksBuildPhase;
			buildActionMask = 2147483647;
			files = (
			);
			runOnlyForDeploymentPostprocessing = 0;
		};
/* End PBXFrameworksBuildPhase section */

/* Begin PBXGroup section */
		2A50D1CD250A027F00614CEE = {
			isa = PBXGroup;
			children = (
				2A50D1D8250A027F00614CEE /* 4.5MealTracker-lab- */,
				2A50D1EF250A028200614CEE /* 4.5MealTracker-lab-Tests */,
				2A50D1FA250A028200614CEE /* 4.5MealTracker-lab-UITests */,
				2A50D1D7250A027F00614CEE /* Products */,
			);
			sourceTree = "<group>";
		};
		2A50D1D7250A027F00614CEE /* Products */ = {
			isa = PBXGroup;
			children = (
				2A50D1D6250A027F00614CEE /* 4.5MealTracker-lab-.app */,
				2A50D1EC250A028200614CEE /* 4.5MealTracker-lab-Tests.xctest */,
				2A50D1F7250A028200614CEE /* 4.5MealTracker-lab-UITests.xctest */,
			);
			name = Products;
			sourceTree = "<group>";
		};
		2A50D1D8250A027F00614CEE /* 4.5MealTracker-lab- */ = {
			isa = PBXGroup;
			children = (
				2A50D1D9250A027F00614CEE /* AppDelegate.swift */,
				2A50D1DB250A027F00614CEE /* SceneDelegate.swift */,
				2A50D1DD250A027F00614CEE /* ViewController.swift */,
				2A50D1DF250A027F00614CEE /* Main.storyboard */,
				2A50D1E2250A028200614CEE /* Assets.xcassets */,
				2A50D1E4250A028200614CEE /* LaunchScreen.storyboard */,
				2A50D1E7250A028200614CEE /* Info.plist */,
			);
			path = "4.5MealTracker-lab-";
			sourceTree = "<group>";
		};
		2A50D1EF250A028200614CEE /* 4.5MealTracker-lab-Tests */ = {
			isa = PBXGroup;
			children = (
				2A50D1F0250A028200614CEE /* __5MealTracker_lab_Tests.swift */,
				2A50D1F2250A028200614CEE /* Info.plist */,
			);
			path = "4.5MealTracker-lab-Tests";
			sourceTree = "<group>";
		};
		2A50D1FA250A028200614CEE /* 4.5MealTracker-lab-UITests */ = {
			isa = PBXGroup;
			children = (
				2A50D1FB250A028200614CEE /* __5MealTracker_lab_UITests.swift */,
				2A50D1FD250A028200614CEE /* Info.plist */,
			);
			path = "4.5MealTracker-lab-UITests";
			sourceTree = "<group>";
		};
/* End PBXGroup section */

/* Begin PBXNativeTarget section */
		2A50D1D5250A027F00614CEE /* 4.5MealTracker-lab- */ = {
			isa = PBXNativeTarget;
			buildConfigurationList = 2A50D200250A028200614CEE /* Build configuration list for PBXNativeTarget "4.5MealTracker-lab-" */;
			buildPhases = (
				2A50D1D2250A027F00614CEE /* Sources */,
				2A50D1D3250A027F00614CEE /* Frameworks */,
				2A50D1D4250A027F00614CEE /* Resources */,
			);
			buildRules = (
			);
			dependencies = (
			);
			name = "4.5MealTracker-lab-";
			productName = "4.5MealTracker-lab-";
			productReference = 2A50D1D6250A027F00614CEE /* 4.5MealTracker-lab-.app */;
			productType = "com.apple.product-type.application";
		};
		2A50D1EB250A028200614CEE /* 4.5MealTracker-lab-Tests */ = {
			isa = PBXNativeTarget;
			buildConfigurationList = 2A50D203250A028200614CEE /* Build configuration list for PBXNativeTarget "4.5MealTracker-lab-Tests" */;
			buildPhases = (
				2A50D1E8250A028200614CEE /* Sources */,
				2A50D1E9250A028200614CEE /* Frameworks */,
				2A50D1EA250A028200614CEE /* Resources */,
			);
			buildRules = (
			);
			dependencies = (
				2A50D1EE250A028200614CEE /* PBXTargetDependency */,
			);
			name = "4.5MealTracker-lab-Tests";
			productName = "4.5MealTracker-lab-Tests";
			productReference = 2A50D1EC250A028200614CEE /* 4.5MealTracker-lab-Tests.xctest */;
			productType = "com.apple.product-type.bundle.unit-test";
		};
		2A50D1F6250A028200614CEE /* 4.5MealTracker-lab-UITests */ = {
			isa = PBXNativeTarget;
			buildConfigurationList = 2A50D206250A028200614CEE /* Build configuration list for PBXNativeTarget "4.5MealTracker-lab-UITests" */;
			buildPhases = (
				2A50D1F3250A028200614CEE /* Sources */,
				2A50D1F4250A028200614CEE /* Frameworks */,
				2A50D1F5250A028200614CEE /* Resources */,
			);
			buildRules = (
			);
			dependencies = (
				2A50D1F9250A028200614CEE /* PBXTargetDependency */,
			);
			name = "4.5MealTracker-lab-UITests";
			productName = "4.5MealTracker-lab-UITests";
			productReference = 2A50D1F7250A028200614CEE /* 4.5MealTracker-lab-UITests.xctest */;
			productType = "com.apple.product-type.bundle.ui-testing";
		};
/* End PBXNativeTarget section */

/* Begin PBXProject section */
		2A50D1CE250A027F00614CEE /* Project object */ = {
			isa = PBXProject;
			attributes = {
				LastSwiftUpdateCheck = 1170;
				LastUpgradeCheck = 1170;
				ORGANIZATIONNAME = "Sophie Kim";
				TargetAttributes = {
					2A50D1D5250A027F00614CEE = {
						CreatedOnToolsVersion = 11.7;
					};
					2A50D1EB250A028200614CEE = {
						CreatedOnToolsVersion = 11.7;
						TestTargetID = 2A50D1D5250A027F00614CEE;
					};
					2A50D1F6250A028200614CEE = {
						CreatedOnToolsVersion = 11.7;
						TestTargetID = 2A50D1D5250A027F00614CEE;
					};
				};
			};
			buildConfigurationList = 2A50D1D1250A027F00614CEE /* Build configuration list for PBXProject "4.5MealTracker-lab-" */;
			compatibilityVersion = "Xcode 9.3";
			developmentRegion = en;
			hasScannedForEncodings = 0;
			knownRegions = (
				en,
				Base,
			);
			mainGroup = 2A50D1CD250A027F00614CEE;
			productRefGroup = 2A50D1D7250A027F00614CEE /* Products */;
			projectDirPath = "";
			projectRoot = "";
			targets = (
				2A50D1D5250A027F00614CEE /* 4.5MealTracker-lab- */,
				2A50D1EB250A028200614CEE /* 4.5MealTracker-lab-Tests */,
				2A50D1F6250A028200614CEE /* 4.5MealTracker-lab-UITests */,
			);
		};
/* End PBXProject section */

/* Begin PBXResourcesBuildPhase section */
		2A50D1D4250A027F00614CEE /* Resources */ = {
			isa = PBXResourcesBuildPhase;
			buildActionMask = 2147483647;
			files = (
				2A50D1E6250A028200614CEE /* LaunchScreen.storyboard in Resources */,
				2A50D1E3250A028200614CEE /* Assets.xcassets in Resources */,
				2A50D1E1250A027F00614CEE /* Main.storyboard in Resources */,
			);
			runOnlyForDeploymentPostprocessing = 0;
		};
		2A50D1EA250A028200614CEE /* Resources */ = {
			isa = PBXResourcesBuildPhase;
			buildActionMask = 2147483647;
			files = (
			);
			runOnlyForDeploymentPostprocessing = 0;
		};
		2A50D1F5250A028200614CEE /* Resources */ = {
			isa = PBXResourcesBuildPhase;
			buildActionMask = 2147483647;
			files = (
			);
			runOnlyForDeploymentPostprocessing = 0;
		};
/* End PBXResourcesBuildPhase section */

/* Begin PBXSourcesBuildPhase section */
		2A50D1D2250A027F00614CEE /* Sources */ = {
			isa = PBXSourcesBuildPhase;
			buildActionMask = 2147483647;
			files = (
				2A50D1DE250A027F00614CEE /* ViewController.swift in Sources */,
				2A50D1DA250A027F00614CEE /* AppDelegate.swift in Sources */,
				2A50D1DC250A027F00614CEE /* SceneDelegate.swift in Sources */,
			);
			runOnlyForDeploymentPostprocessing = 0;
		};
		2A50D1E8250A028200614CEE /* Sources */ = {
			isa = PBXSourcesBuildPhase;
			buildActionMask = 2147483647;
			files = (
				2A50D1F1250A028200614CEE /* __5MealTracker_lab_Tests.swift in Sources */,
			);
			runOnlyForDeploymentPostprocessing = 0;
		};
		2A50D1F3250A028200614CEE /* Sources */ = {
			isa = PBXSourcesBuildPhase;
			buildActionMask = 2147483647;
			files = (
				2A50D1FC250A028200614CEE /* __5MealTracker_lab_UITests.swift in Sources */,
			);
			runOnlyForDeploymentPostprocessing = 0;
		};
/* End PBXSourcesBuildPhase section */

/* Begin PBXTargetDependency section */
		2A50D1EE250A028200614CEE /* PBXTargetDependency */ = {
			isa = PBXTargetDependency;
			target = 2A50D1D5250A027F00614CEE /* 4.5MealTracker-lab- */;
			targetProxy = 2A50D1ED250A028200614CEE /* PBXContainerItemProxy */;
		};
		2A50D1F9250A028200614CEE /* PBXTargetDependency */ = {
			isa = PBXTargetDependency;
			target = 2A50D1D5250A027F00614CEE /* 4.5MealTracker-lab- */;
			targetProxy = 2A50D1F8250A028200614CEE /* PBXContainerItemProxy */;
		};
/* End PBXTargetDependency section */

/* Begin PBXVariantGroup section */
		2A50D1DF250A027F00614CEE /* Main.storyboard */ = {
			isa = PBXVariantGroup;
			children = (
				2A50D1E0250A027F00614CEE /* Base */,
			);
			name = Main.storyboard;
			sourceTree = "<group>";
		};
		2A50D1E4250A028200614CEE /* LaunchScreen.storyboard */ = {
			isa = PBXVariantGroup;
			children = (
				2A50D1E5250A028200614CEE /* Base */,
			);
			name = LaunchScreen.storyboard;
			sourceTree = "<group>";
		};
/* End PBXVariantGroup section */

/* Begin XCBuildConfiguration section */
		2A50D1FE250A028200614CEE /* Debug */ = {
			isa = XCBuildConfiguration;
			buildSettings = {
				ALWAYS_SEARCH_USER_PATHS = NO;
				CLANG_ANALYZER_NONNULL = YES;
				CLANG_ANALYZER_NUMBER_OBJECT_CONVERSION = YES_AGGRESSIVE;
				CLANG_CXX_LANGUAGE_STANDARD = "gnu++14";
				CLANG_CXX_LIBRARY = "libc++";
				CLANG_ENABLE_MODULES = YES;
				CLANG_ENABLE_OBJC_ARC = YES;
				CLANG_ENABLE_OBJC_WEAK = YES;
				CLANG_WARN_BLOCK_CAPTURE_AUTORELEASING = YES;
				CLANG_WARN_BOOL_CONVERSION = YES;
				CLANG_WARN_COMMA = YES;
				CLANG_WARN_CONSTANT_CONVERSION = YES;
				CLANG_WARN_DEPRECATED_OBJC_IMPLEMENTATIONS = YES;
				CLANG_WARN_DIRECT_OBJC_ISA_USAGE = YES_ERROR;
				CLANG_WARN_DOCUMENTATION_COMMENTS = YES;
				CLANG_WARN_EMPTY_BODY = YES;
				CLANG_WARN_ENUM_CONVERSION = YES;
				CLANG_WARN_INFINITE_RECURSION = YES;
				CLANG_WARN_INT_CONVERSION = YES;
				CLANG_WARN_NON_LITERAL_NULL_CONVERSION = YES;
				CLANG_WARN_OBJC_IMPLICIT_RETAIN_SELF = YES;
				CLANG_WARN_OBJC_LITERAL_CONVERSION = YES;
				CLANG_WARN_OBJC_ROOT_CLASS = YES_ERROR;
				CLANG_WARN_RANGE_LOOP_ANALYSIS = YES;
				CLANG_WARN_STRICT_PROTOTYPES = YES;
				CLANG_WARN_SUSPICIOUS_MOVE = YES;
				CLANG_WARN_UNGUARDED_AVAILABILITY = YES_AGGRESSIVE;
				CLANG_WARN_UNREACHABLE_CODE = YES;
				CLANG_WARN__DUPLICATE_METHOD_MATCH = YES;
				COPY_PHASE_STRIP = NO;
				DEBUG_INFORMATION_FORMAT = dwarf;
				ENABLE_STRICT_OBJC_MSGSEND = YES;
				ENABLE_TESTABILITY = YES;
				GCC_C_LANGUAGE_STANDARD = gnu11;
				GCC_DYNAMIC_NO_PIC = NO;
				GCC_NO_COMMON_BLOCKS = YES;
				GCC_OPTIMIZATION_LEVEL = 0;
				GCC_PREPROCESSOR_DEFINITIONS = (
					"DEBUG=1",
					"$(inherited)",
				);
				GCC_WARN_64_TO_32_BIT_CONVERSION = YES;
				GCC_WARN_ABOUT_RETURN_TYPE = YES_ERROR;
				GCC_WARN_UNDECLARED_SELECTOR = YES;
				GCC_WARN_UNINITIALIZED_AUTOS = YES_AGGRESSIVE;
				GCC_WARN_UNUSED_FUNCTION = YES;
				GCC_WARN_UNUSED_VARIABLE = YES;
				IPHONEOS_DEPLOYMENT_TARGET = 13.7;
				MTL_ENABLE_DEBUG_INFO = INCLUDE_SOURCE;
				MTL_FAST_MATH = YES;
				ONLY_ACTIVE_ARCH = YES;
				SDKROOT = iphoneos;
				SWIFT_ACTIVE_COMPILATION_CONDITIONS = DEBUG;
				SWIFT_OPTIMIZATION_LEVEL = "-Onone";
			};
			name = Debug;
		};
		2A50D1FF250A028200614CEE /* Release */ = {
			isa = XCBuildConfiguration;
			buildSettings = {
				ALWAYS_SEARCH_USER_PATHS = NO;
				CLANG_ANALYZER_NONNULL = YES;
				CLANG_ANALYZER_NUMBER_OBJECT_CONVERSION = YES_AGGRESSIVE;
				CLANG_CXX_LANGUAGE_STANDARD = "gnu++14";
				CLANG_CXX_LIBRARY = "libc++";
				CLANG_ENABLE_MODULES = YES;
				CLANG_ENABLE_OBJC_ARC = YES;
				CLANG_ENABLE_OBJC_WEAK = YES;
				CLANG_WARN_BLOCK_CAPTURE_AUTORELEASING = YES;
				CLANG_WARN_BOOL_CONVERSION = YES;
				CLANG_WARN_COMMA = YES;
				CLANG_WARN_CONSTANT_CONVERSION = YES;
				CLANG_WARN_DEPRECATED_OBJC_IMPLEMENTATIONS = YES;
				CLANG_WARN_DIRECT_OBJC_ISA_USAGE = YES_ERROR;
				CLANG_WARN_DOCUMENTATION_COMMENTS = YES;
				CLANG_WARN_EMPTY_BODY = YES;
				CLANG_WARN_ENUM_CONVERSION = YES;
				CLANG_WARN_INFINITE_RECURSION = YES;
				CLANG_WARN_INT_CONVERSION = YES;
				CLANG_WARN_NON_LITERAL_NULL_CONVERSION = YES;
				CLANG_WARN_OBJC_IMPLICIT_RETAIN_SELF = YES;
				CLANG_WARN_OBJC_LITERAL_CONVERSION = YES;
				CLANG_WARN_OBJC_ROOT_CLASS = YES_ERROR;
				CLANG_WARN_RANGE_LOOP_ANALYSIS = YES;
				CLANG_WARN_STRICT_PROTOTYPES = YES;
				CLANG_WARN_SUSPICIOUS_MOVE = YES;
				CLANG_WARN_UNGUARDED_AVAILABILITY = YES_AGGRESSIVE;
				CLANG_WARN_UNREACHABLE_CODE = YES;
				CLANG_WARN__DUPLICATE_METHOD_MATCH = YES;
				COPY_PHASE_STRIP = NO;
				DEBUG_INFORMATION_FORMAT = "dwarf-with-dsym";
				ENABLE_NS_ASSERTIONS = NO;
				ENABLE_STRICT_OBJC_MSGSEND = YES;
				GCC_C_LANGUAGE_STANDARD = gnu11;
				GCC_NO_COMMON_BLOCKS = YES;
				GCC_WARN_64_TO_32_BIT_CONVERSION = YES;
				GCC_WARN_ABOUT_RETURN_TYPE = YES_ERROR;
				GCC_WARN_UNDECLARED_SELECTOR = YES;
				GCC_WARN_UNINITIALIZED_AUTOS = YES_AGGRESSIVE;
				GCC_WARN_UNUSED_FUNCTION = YES;
				GCC_WARN_UNUSED_VARIABLE = YES;
				IPHONEOS_DEPLOYMENT_TARGET = 13.7;
				MTL_ENABLE_DEBUG_INFO = NO;
				MTL_FAST_MATH = YES;
				SDKROOT = iphoneos;
				SWIFT_COMPILATION_MODE = wholemodule;
				SWIFT_OPTIMIZATION_LEVEL = "-O";
				VALIDATE_PRODUCT = YES;
			};
			name = Release;
		};
		2A50D201250A028200614CEE /* Debug */ = {
			isa = XCBuildConfiguration;
			buildSettings = {
				ASSETCATALOG_COMPILER_APPICON_NAME = AppIcon;
				CODE_SIGN_STYLE = Automatic;
				DEVELOPMENT_TEAM = 74DA9KB98N;
				INFOPLIST_FILE = "4.5MealTracker-lab-/Info.plist";
				LD_RUNPATH_SEARCH_PATHS = (
					"$(inherited)",
					"@executable_path/Frameworks",
				);
				PRODUCT_BUNDLE_IDENTIFIER = "com.sophiekim.--5MealTracker-lab-";
				PRODUCT_NAME = "$(TARGET_NAME)";
				SWIFT_VERSION = 5.0;
				TARGETED_DEVICE_FAMILY = "1,2";
			};
			name = Debug;
		};
		2A50D202250A028200614CEE /* Release */ = {
			isa = XCBuildConfiguration;
			buildSettings = {
				ASSETCATALOG_COMPILER_APPICON_NAME = AppIcon;
				CODE_SIGN_STYLE = Automatic;
				DEVELOPMENT_TEAM = 74DA9KB98N;
				INFOPLIST_FILE = "4.5MealTracker-lab-/Info.plist";
				LD_RUNPATH_SEARCH_PATHS = (
					"$(inherited)",
					"@executable_path/Frameworks",
				);
				PRODUCT_BUNDLE_IDENTIFIER = "com.sophiekim.--5MealTracker-lab-";
				PRODUCT_NAME = "$(TARGET_NAME)";
				SWIFT_VERSION = 5.0;
				TARGETED_DEVICE_FAMILY = "1,2";
			};
			name = Release;
		};
		2A50D204250A028200614CEE /* Debug */ = {
			isa = XCBuildConfiguration;
			buildSettings = {
				ALWAYS_EMBED_SWIFT_STANDARD_LIBRARIES = YES;
				BUNDLE_LOADER = "$(TEST_HOST)";
				CODE_SIGN_STYLE = Automatic;
				DEVELOPMENT_TEAM = 74DA9KB98N;
				INFOPLIST_FILE = "4.5MealTracker-lab-Tests/Info.plist";
				IPHONEOS_DEPLOYMENT_TARGET = 13.7;
				LD_RUNPATH_SEARCH_PATHS = (
					"$(inherited)",
					"@executable_path/Frameworks",
					"@loader_path/Frameworks",
				);
				PRODUCT_BUNDLE_IDENTIFIER = "com.sophiekim.--5MealTracker-lab-Tests";
				PRODUCT_NAME = "$(TARGET_NAME)";
				SWIFT_VERSION = 5.0;
				TARGETED_DEVICE_FAMILY = "1,2";
				TEST_HOST = "$(BUILT_PRODUCTS_DIR)/4.5MealTracker-lab-.app/4.5MealTracker-lab-";
			};
			name = Debug;
		};
		2A50D205250A028200614CEE /* Release */ = {
			isa = XCBuildConfiguration;
			buildSettings = {
				ALWAYS_EMBED_SWIFT_STANDARD_LIBRARIES = YES;
				BUNDLE_LOADER = "$(TEST_HOST)";
				CODE_SIGN_STYLE = Automatic;
				DEVELOPMENT_TEAM = 74DA9KB98N;
				INFOPLIST_FILE = "4.5MealTracker-lab-Tests/Info.plist";
				IPHONEOS_DEPLOYMENT_TARGET = 13.7;
				LD_RUNPATH_SEARCH_PATHS = (
					"$(inherited)",
					"@executable_path/Frameworks",
					"@loader_path/Frameworks",
				);
				PRODUCT_BUNDLE_IDENTIFIER = "com.sophiekim.--5MealTracker-lab-Tests";
				PRODUCT_NAME = "$(TARGET_NAME)";
				SWIFT_VERSION = 5.0;
				TARGETED_DEVICE_FAMILY = "1,2";
				TEST_HOST = "$(BUILT_PRODUCTS_DIR)/4.5MealTracker-lab-.app/4.5MealTracker-lab-";
			};
			name = Release;
		};
		2A50D207250A028200614CEE /* Debug */ = {
			isa = XCBuildConfiguration;
			buildSettings = {
				ALWAYS_EMBED_SWIFT_STANDARD_LIBRARIES = YES;
				CODE_SIGN_STYLE = Automatic;
				DEVELOPMENT_TEAM = 74DA9KB98N;
				INFOPLIST_FILE = "4.5MealTracker-lab-UITests/Info.plist";
				LD_RUNPATH_SEARCH_PATHS = (
					"$(inherited)",
					"@executable_path/Frameworks",
					"@loader_path/Frameworks",
				);
				PRODUCT_BUNDLE_IDENTIFIER = "com.sophiekim.--5MealTracker-lab-UITests";
				PRODUCT_NAME = "$(TARGET_NAME)";
				SWIFT_VERSION = 5.0;
				TARGETED_DEVICE_FAMILY = "1,2";
				TEST_TARGET_NAME = "4.5MealTracker-lab-";
			};
			name = Debug;
		};
		2A50D208250A028200614CEE /* Release */ = {
			isa = XCBuildConfiguration;
			buildSettings = {
				ALWAYS_EMBED_SWIFT_STANDARD_LIBRARIES = YES;
				CODE_SIGN_STYLE = Automatic;
				DEVELOPMENT_TEAM = 74DA9KB98N;
				INFOPLIST_FILE = "4.5MealTracker-lab-UITests/Info.plist";
				LD_RUNPATH_SEARCH_PATHS = (
					"$(inherited)",
					"@executable_path/Frameworks",
					"@loader_path/Frameworks",
				);
				PRODUCT_BUNDLE_IDENTIFIER = "com.sophiekim.--5MealTracker-lab-UITests";
				PRODUCT_NAME = "$(TARGET_NAME)";
				SWIFT_VERSION = 5.0;
				TARGETED_DEVICE_FAMILY = "1,2";
				TEST_TARGET_NAME = "4.5MealTracker-lab-";
			};
			name = Release;
		};
/* End XCBuildConfiguration section */

/* Begin XCConfigurationList section */
		2A50D1D1250A027F00614CEE /* Build configuration list for PBXProject "4.5MealTracker-lab-" */ = {
			isa = XCConfigurationList;
			buildConfigurations = (
				2A50D1FE250A028200614CEE /* Debug */,
				2A50D1FF250A028200614CEE /* Release */,
			);
			defaultConfigurationIsVisible = 0;
			defaultConfigurationName = Release;
		};
		2A50D200250A028200614CEE /* Build configuration list for PBXNativeTarget "4.5MealTracker-lab-" */ = {
			isa = XCConfigurationList;
			buildConfigurations = (
				2A50D201250A028200614CEE /* Debug */,
				2A50D202250A028200614CEE /* Release */,
			);
			defaultConfigurationIsVisible = 0;
			defaultConfigurationName = Release;
		};
		2A50D203250A028200614CEE /* Build configuration list for PBXNativeTarget "4.5MealTracker-lab-Tests" */ = {
			isa = XCConfigurationList;
			buildConfigurations = (
				2A50D204250A028200614CEE /* Debug */,
				2A50D205250A028200614CEE /* Release */,
			);
			defaultConfigurationIsVisible = 0;
			defaultConfigurationName = Release;
		};
		2A50D206250A028200614CEE /* Build configuration list for PBXNativeTarget "4.5MealTracker-lab-UITests" */ = {
			isa = XCConfigurationList;
			buildConfigurations = (
				2A50D207250A028200614CEE /* Debug */,
				2A50D208250A028200614CEE /* Release */,
			);
			defaultConfigurationIsVisible = 0;
			defaultConfigurationName = Release;
		};
/* End XCConfigurationList section */
	};
	rootObject = 2A50D1CE250A027F00614CEE /* Project object */;
}
